// !$*UTF8*$!
{
	archiveVersion = 1;
	classes = {
	};
	objectVersion = 50;
	objects = {

/* Begin PBXBuildFile section */
		BF1385A42321EEDC00C37557 /* AppDelegate.m in Sources */ = {isa = PBXBuildFile; fileRef = BF1385A32321EEDC00C37557 /* AppDelegate.m */; };
		BF1385A72321EEDC00C37557 /* ViewController.m in Sources */ = {isa = PBXBuildFile; fileRef = BF1385A62321EEDC00C37557 /* ViewController.m */; };
		BF1385AA2321EEDC00C37557 /* Main.storyboard in Resources */ = {isa = PBXBuildFile; fileRef = BF1385A82321EEDC00C37557 /* Main.storyboard */; };
		BF1385AC2321EEDD00C37557 /* Assets.xcassets in Resources */ = {isa = PBXBuildFile; fileRef = BF1385AB2321EEDD00C37557 /* Assets.xcassets */; };
		BF1385AF2321EEDD00C37557 /* LaunchScreen.storyboard in Resources */ = {isa = PBXBuildFile; fileRef = BF1385AD2321EEDD00C37557 /* LaunchScreen.storyboard */; };
		BF1385B22321EEDD00C37557 /* main.m in Sources */ = {isa = PBXBuildFile; fileRef = BF1385B12321EEDD00C37557 /* main.m */; };
		BF1385BC2321EEDD00C37557 /* LYSearchBarTests.m in Sources */ = {isa = PBXBuildFile; fileRef = BF1385BB2321EEDD00C37557 /* LYSearchBarTests.m */; };
		BF1385C72321EEDD00C37557 /* LYSearchBarUITests.m in Sources */ = {isa = PBXBuildFile; fileRef = BF1385C62321EEDD00C37557 /* LYSearchBarUITests.m */; };
		BF1385D72321F1EF00C37557 /* LYSearchBar.m in Sources */ = {isa = PBXBuildFile; fileRef = BF1385D52321F1EF00C37557 /* LYSearchBar.m */; };
		BF1385D9232232A600C37557 /* LYSearchBar.xcassets in Resources */ = {isa = PBXBuildFile; fileRef = BF1385D8232232A600C37557 /* LYSearchBar.xcassets */; };
		BF1385DE2322477900C37557 /* LYSearchBarDemo.m in Sources */ = {isa = PBXBuildFile; fileRef = BF1385DA2322477900C37557 /* LYSearchBarDemo.m */; };
		BF1385DF2322477900C37557 /* UISearchControllerDemo.m in Sources */ = {isa = PBXBuildFile; fileRef = BF1385DD2322477900C37557 /* UISearchControllerDemo.m */; };
/* End PBXBuildFile section */

/* Begin PBXContainerItemProxy section */
		BF1385B82321EEDD00C37557 /* PBXContainerItemProxy */ = {
			isa = PBXContainerItemProxy;
			containerPortal = BF1385972321EEDC00C37557 /* Project object */;
			proxyType = 1;
			remoteGlobalIDString = BF13859E2321EEDC00C37557;
			remoteInfo = LYSearchBar;
		};
		BF1385C32321EEDD00C37557 /* PBXContainerItemProxy */ = {
			isa = PBXContainerItemProxy;
			containerPortal = BF1385972321EEDC00C37557 /* Project object */;
			proxyType = 1;
			remoteGlobalIDString = BF13859E2321EEDC00C37557;
			remoteInfo = LYSearchBar;
		};
/* End PBXContainerItemProxy section */

/* Begin PBXFileReference section */
		BF13859F2321EEDC00C37557 /* LYSearchBar.app */ = {isa = PBXFileReference; explicitFileType = wrapper.application; includeInIndex = 0; path = LYSearchBar.app; sourceTree = BUILT_PRODUCTS_DIR; };
		BF1385A22321EEDC00C37557 /* AppDelegate.h */ = {isa = PBXFileReference; lastKnownFileType = sourcecode.c.h; path = AppDelegate.h; sourceTree = "<group>"; };
		BF1385A32321EEDC00C37557 /* AppDelegate.m */ = {isa = PBXFileReference; lastKnownFileType = sourcecode.c.objc; path = AppDelegate.m; sourceTree = "<group>"; };
		BF1385A52321EEDC00C37557 /* ViewController.h */ = {isa = PBXFileReference; lastKnownFileType = sourcecode.c.h; path = ViewController.h; sourceTree = "<group>"; };
		BF1385A62321EEDC00C37557 /* ViewController.m */ = {isa = PBXFileReference; lastKnownFileType = sourcecode.c.objc; path = ViewController.m; sourceTree = "<group>"; };
		BF1385A92321EEDC00C37557 /* Base */ = {isa = PBXFileReference; lastKnownFileType = file.storyboard; name = Base; path = Base.lproj/Main.storyboard; sourceTree = "<group>"; };
		BF1385AB2321EEDD00C37557 /* Assets.xcassets */ = {isa = PBXFileReference; lastKnownFileType = folder.assetcatalog; path = Assets.xcassets; sourceTree = "<group>"; };
		BF1385AE2321EEDD00C37557 /* Base */ = {isa = PBXFileReference; lastKnownFileType = file.storyboard; name = Base; path = Base.lproj/LaunchScreen.storyboard; sourceTree = "<group>"; };
		BF1385B02321EEDD00C37557 /* Info.plist */ = {isa = PBXFileReference; lastKnownFileType = text.plist.xml; path = Info.plist; sourceTree = "<group>"; };
		BF1385B12321EEDD00C37557 /* main.m */ = {isa = PBXFileReference; lastKnownFileType = sourcecode.c.objc; path = main.m; sourceTree = "<group>"; };
		BF1385B72321EEDD00C37557 /* LYSearchBarTests.xctest */ = {isa = PBXFileReference; explicitFileType = wrapper.cfbundle; includeInIndex = 0; path = LYSearchBarTests.xctest; sourceTree = BUILT_PRODUCTS_DIR; };
		BF1385BB2321EEDD00C37557 /* LYSearchBarTests.m */ = {isa = PBXFileReference; lastKnownFileType = sourcecode.c.objc; path = LYSearchBarTests.m; sourceTree = "<group>"; };
		BF1385BD2321EEDD00C37557 /* Info.plist */ = {isa = PBXFileReference; lastKnownFileType = text.plist.xml; path = Info.plist; sourceTree = "<group>"; };
		BF1385C22321EEDD00C37557 /* LYSearchBarUITests.xctest */ = {isa = PBXFileReference; explicitFileType = wrapper.cfbundle; includeInIndex = 0; path = LYSearchBarUITests.xctest; sourceTree = BUILT_PRODUCTS_DIR; };
		BF1385C62321EEDD00C37557 /* LYSearchBarUITests.m */ = {isa = PBXFileReference; lastKnownFileType = sourcecode.c.objc; path = LYSearchBarUITests.m; sourceTree = "<group>"; };
		BF1385C82321EEDD00C37557 /* Info.plist */ = {isa = PBXFileReference; lastKnownFileType = text.plist.xml; path = Info.plist; sourceTree = "<group>"; };
		BF1385D52321F1EF00C37557 /* LYSearchBar.m */ = {isa = PBXFileReference; fileEncoding = 4; lastKnownFileType = sourcecode.c.objc; path = LYSearchBar.m; sourceTree = "<group>"; };
		BF1385D62321F1EF00C37557 /* LYSearchBar.h */ = {isa = PBXFileReference; fileEncoding = 4; lastKnownFileType = sourcecode.c.h; path = LYSearchBar.h; sourceTree = "<group>"; };
		BF1385D8232232A600C37557 /* LYSearchBar.xcassets */ = {isa = PBXFileReference; lastKnownFileType = folder.assetcatalog; path = LYSearchBar.xcassets; sourceTree = "<group>"; };
		BF1385DA2322477900C37557 /* LYSearchBarDemo.m */ = {isa = PBXFileReference; fileEncoding = 4; lastKnownFileType = sourcecode.c.objc; path = LYSearchBarDemo.m; sourceTree = "<group>"; };
		BF1385DB2322477900C37557 /* LYSearchBarDemo.h */ = {isa = PBXFileReference; fileEncoding = 4; lastKnownFileType = sourcecode.c.h; path = LYSearchBarDemo.h; sourceTree = "<group>"; };
		BF1385DC2322477900C37557 /* UISearchControllerDemo.h */ = {isa = PBXFileReference; fileEncoding = 4; lastKnownFileType = sourcecode.c.h; path = UISearchControllerDemo.h; sourceTree = "<group>"; };
		BF1385DD2322477900C37557 /* UISearchControllerDemo.m */ = {isa = PBXFileReference; fileEncoding = 4; lastKnownFileType = sourcecode.c.objc; path = UISearchControllerDemo.m; sourceTree = "<group>"; };
/* End PBXFileReference section */

/* Begin PBXFrameworksBuildPhase section */
		BF13859C2321EEDC00C37557 /* Frameworks */ = {
			isa = PBXFrameworksBuildPhase;
			buildActionMask = 2147483647;
			files = (
			);
			runOnlyForDeploymentPostprocessing = 0;
		};
		BF1385B42321EEDD00C37557 /* Frameworks */ = {
			isa = PBXFrameworksBuildPhase;
			buildActionMask = 2147483647;
			files = (
			);
			runOnlyForDeploymentPostprocessing = 0;
		};
		BF1385BF2321EEDD00C37557 /* Frameworks */ = {
			isa = PBXFrameworksBuildPhase;
			buildActionMask = 2147483647;
			files = (
			);
			runOnlyForDeploymentPostprocessing = 0;
		};
/* End PBXFrameworksBuildPhase section */

/* Begin PBXGroup section */
		BF1385962321EEDC00C37557 = {
			isa = PBXGroup;
			children = (
				BF1385A12321EEDC00C37557 /* LYSearchBar */,
				BF1385BA2321EEDD00C37557 /* LYSearchBarTests */,
				BF1385C52321EEDD00C37557 /* LYSearchBarUITests */,
				BF1385A02321EEDC00C37557 /* Products */,
			);
			sourceTree = "<group>";
		};
		BF1385A02321EEDC00C37557 /* Products */ = {
			isa = PBXGroup;
			children = (
				BF13859F2321EEDC00C37557 /* LYSearchBar.app */,
				BF1385B72321EEDD00C37557 /* LYSearchBarTests.xctest */,
				BF1385C22321EEDD00C37557 /* LYSearchBarUITests.xctest */,
			);
			name = Products;
			sourceTree = "<group>";
		};
		BF1385A12321EEDC00C37557 /* LYSearchBar */ = {
			isa = PBXGroup;
			children = (
				BF1385D42321F1EF00C37557 /* LYSearchBar */,
				BF1385A22321EEDC00C37557 /* AppDelegate.h */,
				BF1385A32321EEDC00C37557 /* AppDelegate.m */,
				BF1385A52321EEDC00C37557 /* ViewController.h */,
				BF1385A62321EEDC00C37557 /* ViewController.m */,
				BF1385DC2322477900C37557 /* UISearchControllerDemo.h */,
				BF1385DD2322477900C37557 /* UISearchControllerDemo.m */,
				BF1385DB2322477900C37557 /* LYSearchBarDemo.h */,
				BF1385DA2322477900C37557 /* LYSearchBarDemo.m */,
				BF1385A82321EEDC00C37557 /* Main.storyboard */,
				BF1385AB2321EEDD00C37557 /* Assets.xcassets */,
				BF1385AD2321EEDD00C37557 /* LaunchScreen.storyboard */,
				BF1385B02321EEDD00C37557 /* Info.plist */,
				BF1385B12321EEDD00C37557 /* main.m */,
			);
			path = LYSearchBar;
			sourceTree = "<group>";
		};
		BF1385BA2321EEDD00C37557 /* LYSearchBarTests */ = {
			isa = PBXGroup;
			children = (
				BF1385BB2321EEDD00C37557 /* LYSearchBarTests.m */,
				BF1385BD2321EEDD00C37557 /* Info.plist */,
			);
			path = LYSearchBarTests;
			sourceTree = "<group>";
		};
		BF1385C52321EEDD00C37557 /* LYSearchBarUITests */ = {
			isa = PBXGroup;
			children = (
				BF1385C62321EEDD00C37557 /* LYSearchBarUITests.m */,
				BF1385C82321EEDD00C37557 /* Info.plist */,
			);
			path = LYSearchBarUITests;
			sourceTree = "<group>";
		};
		BF1385D42321F1EF00C37557 /* LYSearchBar */ = {
			isa = PBXGroup;
			children = (
				BF1385D62321F1EF00C37557 /* LYSearchBar.h */,
				BF1385D52321F1EF00C37557 /* LYSearchBar.m */,
				BF1385D8232232A600C37557 /* LYSearchBar.xcassets */,
			);
			path = LYSearchBar;
			sourceTree = "<group>";
		};
/* End PBXGroup section */

/* Begin PBXNativeTarget section */
		BF13859E2321EEDC00C37557 /* LYSearchBar */ = {
			isa = PBXNativeTarget;
			buildConfigurationList = BF1385CB2321EEDD00C37557 /* Build configuration list for PBXNativeTarget "LYSearchBar" */;
			buildPhases = (
				BF13859B2321EEDC00C37557 /* Sources */,
				BF13859C2321EEDC00C37557 /* Frameworks */,
				BF13859D2321EEDC00C37557 /* Resources */,
			);
			buildRules = (
			);
			dependencies = (
			);
			name = LYSearchBar;
			productName = LYSearchBar;
			productReference = BF13859F2321EEDC00C37557 /* LYSearchBar.app */;
			productType = "com.apple.product-type.application";
		};
		BF1385B62321EEDD00C37557 /* LYSearchBarTests */ = {
			isa = PBXNativeTarget;
			buildConfigurationList = BF1385CE2321EEDD00C37557 /* Build configuration list for PBXNativeTarget "LYSearchBarTests" */;
			buildPhases = (
				BF1385B32321EEDD00C37557 /* Sources */,
				BF1385B42321EEDD00C37557 /* Frameworks */,
				BF1385B52321EEDD00C37557 /* Resources */,
			);
			buildRules = (
			);
			dependencies = (
				BF1385B92321EEDD00C37557 /* PBXTargetDependency */,
			);
			name = LYSearchBarTests;
			productName = LYSearchBarTests;
			productReference = BF1385B72321EEDD00C37557 /* LYSearchBarTests.xctest */;
			productType = "com.apple.product-type.bundle.unit-test";
		};
		BF1385C12321EEDD00C37557 /* LYSearchBarUITests */ = {
			isa = PBXNativeTarget;
			buildConfigurationList = BF1385D12321EEDD00C37557 /* Build configuration list for PBXNativeTarget "LYSearchBarUITests" */;
			buildPhases = (
				BF1385BE2321EEDD00C37557 /* Sources */,
				BF1385BF2321EEDD00C37557 /* Frameworks */,
				BF1385C02321EEDD00C37557 /* Resources */,
			);
			buildRules = (
			);
			dependencies = (
				BF1385C42321EEDD00C37557 /* PBXTargetDependency */,
			);
			name = LYSearchBarUITests;
			productName = LYSearchBarUITests;
			productReference = BF1385C22321EEDD00C37557 /* LYSearchBarUITests.xctest */;
			productType = "com.apple.product-type.bundle.ui-testing";
		};
/* End PBXNativeTarget section */

/* Begin PBXProject section */
		BF1385972321EEDC00C37557 /* Project object */ = {
			isa = PBXProject;
			attributes = {
				LastUpgradeCheck = 1020;
				ORGANIZATIONNAME = Teonardo;
				TargetAttributes = {
					BF13859E2321EEDC00C37557 = {
						CreatedOnToolsVersion = 10.2.1;
					};
					BF1385B62321EEDD00C37557 = {
						CreatedOnToolsVersion = 10.2.1;
						TestTargetID = BF13859E2321EEDC00C37557;
					};
					BF1385C12321EEDD00C37557 = {
						CreatedOnToolsVersion = 10.2.1;
						TestTargetID = BF13859E2321EEDC00C37557;
					};
				};
			};
			buildConfigurationList = BF13859A2321EEDC00C37557 /* Build configuration list for PBXProject "LYSearchBar" */;
			compatibilityVersion = "Xcode 9.3";
			developmentRegion = en;
			hasScannedForEncodings = 0;
			knownRegions = (
				en,
				Base,
			);
			mainGroup = BF1385962321EEDC00C37557;
			productRefGroup = BF1385A02321EEDC00C37557 /* Products */;
			projectDirPath = "";
			projectRoot = "";
			targets = (
				BF13859E2321EEDC00C37557 /* LYSearchBar */,
				BF1385B62321EEDD00C37557 /* LYSearchBarTests */,
				BF1385C12321EEDD00C37557 /* LYSearchBarUITests */,
			);
		};
/* End PBXProject section */

/* Begin PBXResourcesBuildPhase section */
		BF13859D2321EEDC00C37557 /* Resources */ = {
			isa = PBXResourcesBuildPhase;
			buildActionMask = 2147483647;
			files = (
				BF1385D9232232A600C37557 /* LYSearchBar.xcassets in Resources */,
				BF1385AF2321EEDD00C37557 /* LaunchScreen.storyboard in Resources */,
				BF1385AC2321EEDD00C37557 /* Assets.xcassets in Resources */,
				BF1385AA2321EEDC00C37557 /* Main.storyboard in Resources */,
			);
			runOnlyForDeploymentPostprocessing = 0;
		};
		BF1385B52321EEDD00C37557 /* Resources */ = {
			isa = PBXResourcesBuildPhase;
			buildActionMask = 2147483647;
			files = (
			);
			runOnlyForDeploymentPostprocessing = 0;
		};
		BF1385C02321EEDD00C37557 /* Resources */ = {
			isa = PBXResourcesBuildPhase;
			buildActionMask = 2147483647;
			files = (
			);
			runOnlyForDeploymentPostprocessing = 0;
		};
/* End PBXResourcesBuildPhase section */

/* Begin PBXSourcesBuildPhase section */
		BF13859B2321EEDC00C37557 /* Sources */ = {
			isa = PBXSourcesBuildPhase;
			buildActionMask = 2147483647;
			files = (
				BF1385DE2322477900C37557 /* LYSearchBarDemo.m in Sources */,
				BF1385D72321F1EF00C37557 /* LYSearchBar.m in Sources */,
				BF1385DF2322477900C37557 /* UISearchControllerDemo.m in Sources */,
				BF1385A72321EEDC00C37557 /* ViewController.m in Sources */,
				BF1385B22321EEDD00C37557 /* main.m in Sources */,
				BF1385A42321EEDC00C37557 /* AppDelegate.m in Sources */,
			);
			runOnlyForDeploymentPostprocessing = 0;
		};
		BF1385B32321EEDD00C37557 /* Sources */ = {
			isa = PBXSourcesBuildPhase;
			buildActionMask = 2147483647;
			files = (
				BF1385BC2321EEDD00C37557 /* LYSearchBarTests.m in Sources */,
			);
			runOnlyForDeploymentPostprocessing = 0;
		};
		BF1385BE2321EEDD00C37557 /* Sources */ = {
			isa = PBXSourcesBuildPhase;
			buildActionMask = 2147483647;
			files = (
				BF1385C72321EEDD00C37557 /* LYSearchBarUITests.m in Sources */,
			);
			runOnlyForDeploymentPostprocessing = 0;
		};
/* End PBXSourcesBuildPhase section */

/* Begin PBXTargetDependency section */
		BF1385B92321EEDD00C37557 /* PBXTargetDependency */ = {
			isa = PBXTargetDependency;
			target = BF13859E2321EEDC00C37557 /* LYSearchBar */;
			targetProxy = BF1385B82321EEDD00C37557 /* PBXContainerItemProxy */;
		};
		BF1385C42321EEDD00C37557 /* PBXTargetDependency */ = {
			isa = PBXTargetDependency;
			target = BF13859E2321EEDC00C37557 /* LYSearchBar */;
			targetProxy = BF1385C32321EEDD00C37557 /* PBXContainerItemProxy */;
		};
/* End PBXTargetDependency section */

/* Begin PBXVariantGroup section */
		BF1385A82321EEDC00C37557 /* Main.storyboard */ = {
			isa = PBXVariantGroup;
			children = (
				BF1385A92321EEDC00C37557 /* Base */,
			);
			name = Main.storyboard;
			sourceTree = "<group>";
		};
		BF1385AD2321EEDD00C37557 /* LaunchScreen.storyboard */ = {
			isa = PBXVariantGroup;
			children = (
				BF1385AE2321EEDD00C37557 /* Base */,
			);
			name = LaunchScreen.storyboard;
			sourceTree = "<group>";
		};
/* End PBXVariantGroup section */

/* Begin XCBuildConfiguration section */
		BF1385C92321EEDD00C37557 /* Debug */ = {
			isa = XCBuildConfiguration;
			buildSettings = {
				ALWAYS_SEARCH_USER_PATHS = NO;
				CLANG_ANALYZER_NONNULL = YES;
				CLANG_ANALYZER_NUMBER_OBJECT_CONVERSION = YES_AGGRESSIVE;
				CLANG_CXX_LANGUAGE_STANDARD = "gnu++14";
				CLANG_CXX_LIBRARY = "libc++";
				CLANG_ENABLE_MODULES = YES;
				CLANG_ENABLE_OBJC_ARC = YES;
				CLANG_ENABLE_OBJC_WEAK = YES;
				CLANG_WARN_BLOCK_CAPTURE_AUTORELEASING = YES;
				CLANG_WARN_BOOL_CONVERSION = YES;
				CLANG_WARN_COMMA = YES;
				CLANG_WARN_CONSTANT_CONVERSION = YES;
				CLANG_WARN_DEPRECATED_OBJC_IMPLEMENTATIONS = YES;
				CLANG_WARN_DIRECT_OBJC_ISA_USAGE = YES_ERROR;
				CLANG_WARN_DOCUMENTATION_COMMENTS = YES;
				CLANG_WARN_EMPTY_BODY = YES;
				CLANG_WARN_ENUM_CONVERSION = YES;
				CLANG_WARN_INFINITE_RECURSION = YES;
				CLANG_WARN_INT_CONVERSION = YES;
				CLANG_WARN_NON_LITERAL_NULL_CONVERSION = YES;
				CLANG_WARN_OBJC_IMPLICIT_RETAIN_SELF = YES;
				CLANG_WARN_OBJC_LITERAL_CONVERSION = YES;
				CLANG_WARN_OBJC_ROOT_CLASS = YES_ERROR;
				CLANG_WARN_RANGE_LOOP_ANALYSIS = YES;
				CLANG_WARN_STRICT_PROTOTYPES = YES;
				CLANG_WARN_SUSPICIOUS_MOVE = YES;
				CLANG_WARN_UNGUARDED_AVAILABILITY = YES_AGGRESSIVE;
				CLANG_WARN_UNREACHABLE_CODE = YES;
				CLANG_WARN__DUPLICATE_METHOD_MATCH = YES;
				CODE_SIGN_IDENTITY = "iPhone Developer";
				COPY_PHASE_STRIP = NO;
				DEBUG_INFORMATION_FORMAT = dwarf;
				ENABLE_STRICT_OBJC_MSGSEND = YES;
				ENABLE_TESTABILITY = YES;
				GCC_C_LANGUAGE_STANDARD = gnu11;
				GCC_DYNAMIC_NO_PIC = NO;
				GCC_NO_COMMON_BLOCKS = YES;
				GCC_OPTIMIZATION_LEVEL = 0;
				GCC_PREPROCESSOR_DEFINITIONS = (
					"DEBUG=1",
					"$(inherited)",
				);
				GCC_WARN_64_TO_32_BIT_CONVERSION = YES;
				GCC_WARN_ABOUT_RETURN_TYPE = YES_ERROR;
				GCC_WARN_UNDECLARED_SELECTOR = YES;
				GCC_WARN_UNINITIALIZED_AUTOS = YES_AGGRESSIVE;
				GCC_WARN_UNUSED_FUNCTION = YES;
				GCC_WARN_UNUSED_VARIABLE = YES;
				IPHONEOS_DEPLOYMENT_TARGET = 12.2;
				MTL_ENABLE_DEBUG_INFO = INCLUDE_SOURCE;
				MTL_FAST_MATH = YES;
				ONLY_ACTIVE_ARCH = YES;
				SDKROOT = iphoneos;
			};
			name = Debug;
		};
		BF1385CA2321EEDD00C37557 /* Release */ = {
			isa = XCBuildConfiguration;
			buildSettings = {
				ALWAYS_SEARCH_USER_PATHS = NO;
				CLANG_ANALYZER_NONNULL = YES;
				CLANG_ANALYZER_NUMBER_OBJECT_CONVERSION = YES_AGGRESSIVE;
				CLANG_CXX_LANGUAGE_STANDARD = "gnu++14";
				CLANG_CXX_LIBRARY = "libc++";
				CLANG_ENABLE_MODULES = YES;
				CLANG_ENABLE_OBJC_ARC = YES;
				CLANG_ENABLE_OBJC_WEAK = YES;
				CLANG_WARN_BLOCK_CAPTURE_AUTORELEASING = YES;
				CLANG_WARN_BOOL_CONVERSION = YES;
				CLANG_WARN_COMMA = YES;
				CLANG_WARN_CONSTANT_CONVERSION = YES;
				CLANG_WARN_DEPRECATED_OBJC_IMPLEMENTATIONS = YES;
				CLANG_WARN_DIRECT_OBJC_ISA_USAGE = YES_ERROR;
				CLANG_WARN_DOCUMENTATION_COMMENTS = YES;
				CLANG_WARN_EMPTY_BODY = YES;
				CLANG_WARN_ENUM_CONVERSION = YES;
				CLANG_WARN_INFINITE_RECURSION = YES;
				CLANG_WARN_INT_CONVERSION = YES;
				CLANG_WARN_NON_LITERAL_NULL_CONVERSION = YES;
				CLANG_WARN_OBJC_IMPLICIT_RETAIN_SELF = YES;
				CLANG_WARN_OBJC_LITERAL_CONVERSION = YES;
				CLANG_WARN_OBJC_ROOT_CLASS = YES_ERROR;
				CLANG_WARN_RANGE_LOOP_ANALYSIS = YES;
				CLANG_WARN_STRICT_PROTOTYPES = YES;
				CLANG_WARN_SUSPICIOUS_MOVE = YES;
				CLANG_WARN_UNGUARDED_AVAILABILITY = YES_AGGRESSIVE;
				CLANG_WARN_UNREACHABLE_CODE = YES;
				CLANG_WARN__DUPLICATE_METHOD_MATCH = YES;
				CODE_SIGN_IDENTITY = "iPhone Developer";
				COPY_PHASE_STRIP = NO;
				DEBUG_INFORMATION_FORMAT = "dwarf-with-dsym";
				ENABLE_NS_ASSERTIONS = NO;
				ENABLE_STRICT_OBJC_MSGSEND = YES;
				GCC_C_LANGUAGE_STANDARD = gnu11;
				GCC_NO_COMMON_BLOCKS = YES;
				GCC_WARN_64_TO_32_BIT_CONVERSION = YES;
				GCC_WARN_ABOUT_RETURN_TYPE = YES_ERROR;
				GCC_WARN_UNDECLARED_SELECTOR = YES;
				GCC_WARN_UNINITIALIZED_AUTOS = YES_AGGRESSIVE;
				GCC_WARN_UNUSED_FUNCTION = YES;
				GCC_WARN_UNUSED_VARIABLE = YES;
				IPHONEOS_DEPLOYMENT_TARGET = 12.2;
				MTL_ENABLE_DEBUG_INFO = NO;
				MTL_FAST_MATH = YES;
				SDKROOT = iphoneos;
				VALIDATE_PRODUCT = YES;
			};
			name = Release;
		};
		BF1385CC2321EEDD00C37557 /* Debug */ = {
			isa = XCBuildConfiguration;
			buildSettings = {
				ASSETCATALOG_COMPILER_APPICON_NAME = AppIcon;
				CODE_SIGN_STYLE = Automatic;
				DEVELOPMENT_TEAM = XN56NGV56R;
				INFOPLIST_FILE = LYSearchBar/Info.plist;
				LD_RUNPATH_SEARCH_PATHS = (
					"$(inherited)",
					"@executable_path/Frameworks",
				);
				PRODUCT_BUNDLE_IDENTIFIER = hj.LYSearchBar;
				PRODUCT_NAME = "$(TARGET_NAME)";
				TARGETED_DEVICE_FAMILY = "1,2";
			};
			name = Debug;
		};
		BF1385CD2321EEDD00C37557 /* Release */ = {
			isa = XCBuildConfiguration;
			buildSettings = {
				ASSETCATALOG_COMPILER_APPICON_NAME = AppIcon;
				CODE_SIGN_STYLE = Automatic;
				DEVELOPMENT_TEAM = XN56NGV56R;
				INFOPLIST_FILE = LYSearchBar/Info.plist;
				LD_RUNPATH_SEARCH_PATHS = (
					"$(inherited)",
					"@executable_path/Frameworks",
				);
				PRODUCT_BUNDLE_IDENTIFIER = hj.LYSearchBar;
				PRODUCT_NAME = "$(TARGET_NAME)";
				TARGETED_DEVICE_FAMILY = "1,2";
			};
			name = Release;
		};
		BF1385CF2321EEDD00C37557 /* Debug */ = {
			isa = XCBuildConfiguration;
			buildSettings = {
				BUNDLE_LOADER = "$(TEST_HOST)";
				CODE_SIGN_STYLE = Automatic;
				DEVELOPMENT_TEAM = XN56NGV56R;
				INFOPLIST_FILE = LYSearchBarTests/Info.plist;
				LD_RUNPATH_SEARCH_PATHS = (
					"$(inherited)",
					"@executable_path/Frameworks",
					"@loader_path/Frameworks",
				);
				PRODUCT_BUNDLE_IDENTIFIER = hj.LYSearchBarTests;
				PRODUCT_NAME = "$(TARGET_NAME)";
				TARGETED_DEVICE_FAMILY = "1,2";
				TEST_HOST = "$(BUILT_PRODUCTS_DIR)/LYSearchBar.app/LYSearchBar";
			};
			name = Debug;
		};
		BF1385D02321EEDD00C37557 /* Release */ = {
			isa = XCBuildConfiguration;
			buildSettings = {
				BUNDLE_LOADER = "$(TEST_HOST)";
				CODE_SIGN_STYLE = Automatic;
				DEVELOPMENT_TEAM = XN56NGV56R;
				INFOPLIST_FILE = LYSearchBarTests/Info.plist;
				LD_RUNPATH_SEARCH_PATHS = (
					"$(inherited)",
					"@executable_path/Frameworks",
					"@loader_path/Frameworks",
				);
				PRODUCT_BUNDLE_IDENTIFIER = hj.LYSearchBarTests;
				PRODUCT_NAME = "$(TARGET_NAME)";
				TARGETED_DEVICE_FAMILY = "1,2";
				TEST_HOST = "$(BUILT_PRODUCTS_DIR)/LYSearchBar.app/LYSearchBar";
			};
			name = Release;
		};
		BF1385D22321EEDD00C37557 /* Debug */ = {
			isa = XCBuildConfiguration;
			buildSettings = {
				CODE_SIGN_STYLE = Automatic;
				DEVELOPMENT_TEAM = XN56NGV56R;
				INFOPLIST_FILE = LYSearchBarUITests/Info.plist;
				LD_RUNPATH_SEARCH_PATHS = (
					"$(inherited)",
					"@executable_path/Frameworks",
					"@loader_path/Frameworks",
				);
				PRODUCT_BUNDLE_IDENTIFIER = hj.LYSearchBarUITests;
				PRODUCT_NAME = "$(TARGET_NAME)";
				TARGETED_DEVICE_FAMILY = "1,2";
				TEST_TARGET_NAME = LYSearchBar;
			};
			name = Debug;
		};
		BF1385D32321EEDD00C37557 /* Release */ = {
			isa = XCBuildConfiguration;
			buildSettings = {
				CODE_SIGN_STYLE = Automatic;
				DEVELOPMENT_TEAM = XN56NGV56R;
				INFOPLIST_FILE = LYSearchBarUITests/Info.plist;
				LD_RUNPATH_SEARCH_PATHS = (
					"$(inherited)",
					"@executable_path/Frameworks",
					"@loader_path/Frameworks",
				);
				PRODUCT_BUNDLE_IDENTIFIER = hj.LYSearchBarUITests;
				PRODUCT_NAME = "$(TARGET_NAME)";
				TARGETED_DEVICE_FAMILY = "1,2";
				TEST_TARGET_NAME = LYSearchBar;
			};
			name = Release;
		};
/* End XCBuildConfiguration section */

/* Begin XCConfigurationList section */
		BF13859A2321EEDC00C37557 /* Build configuration list for PBXProject "LYSearchBar" */ = {
			isa = XCConfigurationList;
			buildConfigurations = (
				BF1385C92321EEDD00C37557 /* Debug */,
				BF1385CA2321EEDD00C37557 /* Release */,
			);
			defaultConfigurationIsVisible = 0;
			defaultConfigurationName = Release;
		};
		BF1385CB2321EEDD00C37557 /* Build configuration list for PBXNativeTarget "LYSearchBar" */ = {
			isa = XCConfigurationList;
			buildConfigurations = (
				BF1385CC2321EEDD00C37557 /* Debug */,
				BF1385CD2321EEDD00C37557 /* Release */,
			);
			defaultConfigurationIsVisible = 0;
			defaultConfigurationName = Release;
		};
		BF1385CE2321EEDD00C37557 /* Build configuration list for PBXNativeTarget "LYSearchBarTests" */ = {
			isa = XCConfigurationList;
			buildConfigurations = (
				BF1385CF2321EEDD00C37557 /* Debug */,
				BF1385D02321EEDD00C37557 /* Release */,
			);
			defaultConfigurationIsVisible = 0;
			defaultConfigurationName = Release;
		};
		BF1385D12321EEDD00C37557 /* Build configuration list for PBXNativeTarget "LYSearchBarUITests" */ = {
			isa = XCConfigurationList;
			buildConfigurations = (
				BF1385D22321EEDD00C37557 /* Debug */,
				BF1385D32321EEDD00C37557 /* Release */,
			);
			defaultConfigurationIsVisible = 0;
			defaultConfigurationName = Release;
		};
/* End XCConfigurationList section */
	};
	rootObject = BF1385972321EEDC00C37557 /* Project object */;
}
